PODS:
  - ConnectionLayer (0.0.3)
  - lottie-ios (3.2.3)
  - NUTComponents (0.1.2)
  - NutUtils (1.1.3):
    - NutUtils/Optionals (= 1.1.3)
    - NutUtils/UIImage (= 1.1.3)
    - NutUtils/UIView (= 1.1.3)
  - NutUtils/Optionals (1.1.3)
  - NutUtils/UIImage (1.1.3)
  - NutUtils/UIView (1.1.3)
  - SwiftLint (0.43.1)
  - SwiftMessages (9.0.3):
    - SwiftMessages/App (= 9.0.3)
  - SwiftMessages/App (9.0.3)
  - youtube-ios-player-helper (1.0.3)

DEPENDENCIES:
  - ConnectionLayer
  - lottie-ios
  - NUTComponents
  - NutUtils
  - SwiftLint
  - SwiftMessages
  - youtube-ios-player-helper

SPEC REPOS:
  https://github.com/CocoaPods/Specs.git:
    - ConnectionLayer
    - lottie-ios
    - NUTComponents
    - NutUtils
    - SwiftLint
    - SwiftMessages
    - youtube-ios-player-helper

SPEC CHECKSUMS:
  ConnectionLayer: 1993c356ebc8d7c99ef59f9a89822d5d21dd360f
  lottie-ios: c058aeafa76daa4cf64d773554bccc8385d0150e
  NUTComponents: 89eec7a960308321f6d96688659e76f989eeca34
  NutUtils: d49175f79ff7c734a883929916d60d403450bb3f
  SwiftLint: 99f82d07b837b942dd563c668de129a03fc3fb52
  SwiftMessages: 077f19126c24033fe24042237ecc20261adb46e4
  youtube-ios-player-helper: 0185c57db23c80d63d6ca11251d110abb8a4ca61

PODFILE CHECKSUM: e7ada2d0b7ed4eacdc130e75fa48e761c9fe0683

COCOAPODS: 1.10.2
