// !$*UTF8*$!
{
	archiveVersion = 1;
	classes = {
	};
	objectVersion = 51;
	objects = {

/* Begin PBXBuildFile section */
		149B183EB33BD795EC8546A3 /* Pods_testRappi_testRappiUITests.framework in Frameworks */ = {isa = PBXBuildFile; fileRef = EE0D9C8916F71B2F8E27D118 /* Pods_testRappi_testRappiUITests.framework */; };
		181B9EE0AA56E80142B8FA30 /* Pods_testRappi.framework in Frameworks */ = {isa = PBXBuildFile; fileRef = C584CC8FBF29CDC244BE7F73 /* Pods_testRappi.framework */; };
		441B272D3B0E0B8A828EDFE1 /* Pods_testRappiTests.framework in Frameworks */ = {isa = PBXBuildFile; fileRef = DFC25410A94561166FF07DDD /* Pods_testRappiTests.framework */; };
		F20E418E26DA836C00E29FF4 /* MoviesEntity.swift in Sources */ = {isa = PBXBuildFile; fileRef = F20E418D26DA836C00E29FF4 /* MoviesEntity.swift */; };
		F20E419126DABD1D00E29FF4 /* popular_mock.json in Resources */ = {isa = PBXBuildFile; fileRef = F20E419026DABD1D00E29FF4 /* popular_mock.json */; };
		F20E419426DADD8400E29FF4 /* Utils.swift in Sources */ = {isa = PBXBuildFile; fileRef = F20E419326DADD8400E29FF4 /* Utils.swift */; };
		F210E34A26A9E2BB00A74A1E /* Model.xcdatamodeld in Sources */ = {isa = PBXBuildFile; fileRef = F210E34826A9E2BB00A74A1E /* Model.xcdatamodeld */; };
		F216F28C26DAFE9500F74A2E /* SearchVC.swift in Sources */ = {isa = PBXBuildFile; fileRef = F216F28A26DAFE9500F74A2E /* SearchVC.swift */; };
		F216F28D26DAFE9500F74A2E /* SearchVC.xib in Resources */ = {isa = PBXBuildFile; fileRef = F216F28B26DAFE9500F74A2E /* SearchVC.xib */; };
		F22063BF26B47469004F2A80 /* MoviesCollectionCell.swift in Sources */ = {isa = PBXBuildFile; fileRef = F22063BD26B47469004F2A80 /* MoviesCollectionCell.swift */; };
		F22063C026B47469004F2A80 /* MoviesCollectionCell.xib in Resources */ = {isa = PBXBuildFile; fileRef = F22063BE26B47469004F2A80 /* MoviesCollectionCell.xib */; };
		F22CCE6126D150600013986C /* GroupCollectionCell.swift in Sources */ = {isa = PBXBuildFile; fileRef = F22CCE5F26D150600013986C /* GroupCollectionCell.swift */; };
		F22CCE6226D150600013986C /* GroupCollectionCell.xib in Resources */ = {isa = PBXBuildFile; fileRef = F22CCE6026D150600013986C /* GroupCollectionCell.xib */; };
		F24CA7F126B4C6F200325B24 /* SearchPresenter.swift in Sources */ = {isa = PBXBuildFile; fileRef = F24CA7EB26B4C6F200325B24 /* SearchPresenter.swift */; };
		F24CA7F226B4C6F200325B24 /* SearchRouter.swift in Sources */ = {isa = PBXBuildFile; fileRef = F24CA7EC26B4C6F200325B24 /* SearchRouter.swift */; };
		F24CA7F326B4C6F200325B24 /* SearchInteractor.swift in Sources */ = {isa = PBXBuildFile; fileRef = F24CA7ED26B4C6F200325B24 /* SearchInteractor.swift */; };
		F24CA7F426B4C6F200325B24 /* SearchProtocol.swift in Sources */ = {isa = PBXBuildFile; fileRef = F24CA7EE26B4C6F200325B24 /* SearchProtocol.swift */; };
		F252ECF926A72B390039413C /* AppDelegate.swift in Sources */ = {isa = PBXBuildFile; fileRef = F252ECF826A72B390039413C /* AppDelegate.swift */; };
		F252ED0226A72B390039413C /* Assets.xcassets in Resources */ = {isa = PBXBuildFile; fileRef = F252ED0126A72B390039413C /* Assets.xcassets */; };
		F252ED0526A72B390039413C /* LaunchScreen.storyboard in Resources */ = {isa = PBXBuildFile; fileRef = F252ED0326A72B390039413C /* LaunchScreen.storyboard */; };
		F252ED1026A72B3A0039413C /* testRappiTests.swift in Sources */ = {isa = PBXBuildFile; fileRef = F252ED0F26A72B3A0039413C /* testRappiTests.swift */; };
		F252ED1B26A72B3A0039413C /* testRappiUITests.swift in Sources */ = {isa = PBXBuildFile; fileRef = F252ED1A26A72B3A0039413C /* testRappiUITests.swift */; };
		F28C992626CC28440043B35C /* BaseProtocol.swift in Sources */ = {isa = PBXBuildFile; fileRef = F28C992526CC28440043B35C /* BaseProtocol.swift */; };
		F28C992E26CC30990043B35C /* TabBarVC.swift in Sources */ = {isa = PBXBuildFile; fileRef = F28C992C26CC30990043B35C /* TabBarVC.swift */; };
		F28C992F26CC30990043B35C /* TabBarVC.xib in Resources */ = {isa = PBXBuildFile; fileRef = F28C992D26CC30990043B35C /* TabBarVC.xib */; };
		F2A054D626A8E9B1005DF626 /* Persistence.swift in Sources */ = {isa = PBXBuildFile; fileRef = F2A054D526A8E9B1005DF626 /* Persistence.swift */; };
		F2CA384326DC0ADC003A77D0 /* MovieDetailPresenter.swift in Sources */ = {isa = PBXBuildFile; fileRef = F2CA383D26DC0ADC003A77D0 /* MovieDetailPresenter.swift */; };
		F2CA384426DC0ADC003A77D0 /* MovieDetailRouter.swift in Sources */ = {isa = PBXBuildFile; fileRef = F2CA383E26DC0ADC003A77D0 /* MovieDetailRouter.swift */; };
		F2CA384526DC0ADC003A77D0 /* MovieDetailInteractor.swift in Sources */ = {isa = PBXBuildFile; fileRef = F2CA383F26DC0ADC003A77D0 /* MovieDetailInteractor.swift */; };
		F2CA384626DC0ADC003A77D0 /* MovieDetailProtocol.swift in Sources */ = {isa = PBXBuildFile; fileRef = F2CA384026DC0ADC003A77D0 /* MovieDetailProtocol.swift */; };
		F2CA384A26DC0B24003A77D0 /* MovieDetailVC.swift in Sources */ = {isa = PBXBuildFile; fileRef = F2CA384826DC0B24003A77D0 /* MovieDetailVC.swift */; };
		F2CA384B26DC0B24003A77D0 /* MovieDetailVC.xib in Resources */ = {isa = PBXBuildFile; fileRef = F2CA384926DC0B24003A77D0 /* MovieDetailVC.xib */; };
		F2CA385226DC1B03003A77D0 /* UIViewController.swift in Sources */ = {isa = PBXBuildFile; fileRef = F2CA385126DC1B03003A77D0 /* UIViewController.swift */; };
		F2CA385726DC2F38003A77D0 /* MovieDetailEntity.swift in Sources */ = {isa = PBXBuildFile; fileRef = F2CA385626DC2F38003A77D0 /* MovieDetailEntity.swift */; };
		F2CA385B26DC4E55003A77D0 /* VideoCollectionCell.swift in Sources */ = {isa = PBXBuildFile; fileRef = F2CA385926DC4E55003A77D0 /* VideoCollectionCell.swift */; };
		F2CA385C26DC4E55003A77D0 /* VideoCollectionCell.xib in Resources */ = {isa = PBXBuildFile; fileRef = F2CA385A26DC4E55003A77D0 /* VideoCollectionCell.xib */; };
		F2D0D59F26CF2114003C7EB2 /* Localizable.strings in Resources */ = {isa = PBXBuildFile; fileRef = F2D0D59E26CF2114003C7EB2 /* Localizable.strings */; };
		F2D0D5A326CF22F7003C7EB2 /* String.swift in Sources */ = {isa = PBXBuildFile; fileRef = F2D0D5A226CF22F7003C7EB2 /* String.swift */; };
		F2D0D5A626CF40D2003C7EB2 /* HeaderCollectionView.swift in Sources */ = {isa = PBXBuildFile; fileRef = F2D0D5A426CF40D2003C7EB2 /* HeaderCollectionView.swift */; };
		F2D0D5A726CF40D2003C7EB2 /* HeaderCollectionView.xib in Resources */ = {isa = PBXBuildFile; fileRef = F2D0D5A526CF40D2003C7EB2 /* HeaderCollectionView.xib */; };
		F2EAE17726DD431B0058E332 /* loader.json in Resources */ = {isa = PBXBuildFile; fileRef = F2EAE17626DD431B0058E332 /* loader.json */; };
		F2EAE17926DD44DA0058E332 /* ProgressViewCustom.swift in Sources */ = {isa = PBXBuildFile; fileRef = F2EAE17826DD44DA0058E332 /* ProgressViewCustom.swift */; };
		F2EAE17B26DD7B000058E332 /* BaseController.swift in Sources */ = {isa = PBXBuildFile; fileRef = F2EAE17A26DD7B000058E332 /* BaseController.swift */; };
		F2EAE17D26DDAECB0058E332 /* loader2.json in Resources */ = {isa = PBXBuildFile; fileRef = F2EAE17C26DDAECB0058E332 /* loader2.json */; };
		F2F8358226A72F1B007E13C8 /* HomePresenter.swift in Sources */ = {isa = PBXBuildFile; fileRef = F2F8357C26A72F1B007E13C8 /* HomePresenter.swift */; };
		F2F8358326A72F1B007E13C8 /* HomeRouter.swift in Sources */ = {isa = PBXBuildFile; fileRef = F2F8357D26A72F1B007E13C8 /* HomeRouter.swift */; };
		F2F8358426A72F1B007E13C8 /* HomeInteractor.swift in Sources */ = {isa = PBXBuildFile; fileRef = F2F8357E26A72F1B007E13C8 /* HomeInteractor.swift */; };
		F2F8358526A72F1B007E13C8 /* HomeProtocol.swift in Sources */ = {isa = PBXBuildFile; fileRef = F2F8357F26A72F1B007E13C8 /* HomeProtocol.swift */; };
		F2F8358926A72F94007E13C8 /* HomeVC.swift in Sources */ = {isa = PBXBuildFile; fileRef = F2F8358726A72F94007E13C8 /* HomeVC.swift */; };
		F2F8358A26A72F94007E13C8 /* HomeVC.xib in Resources */ = {isa = PBXBuildFile; fileRef = F2F8358826A72F94007E13C8 /* HomeVC.xib */; };
		F2F8358D26A731C5007E13C8 /* Constants.swift in Sources */ = {isa = PBXBuildFile; fileRef = F2F8358C26A731C5007E13C8 /* Constants.swift */; };
		F2F8359026A78024007E13C8 /* AuthorizationEntity.swift in Sources */ = {isa = PBXBuildFile; fileRef = F2F8358F26A78024007E13C8 /* AuthorizationEntity.swift */; };
/* End PBXBuildFile section */

/* Begin PBXContainerItemProxy section */
		F252ED0C26A72B3A0039413C /* PBXContainerItemProxy */ = {
			isa = PBXContainerItemProxy;
			containerPortal = F252ECED26A72B390039413C /* Project object */;
			proxyType = 1;
			remoteGlobalIDString = F252ECF426A72B390039413C;
			remoteInfo = testRappi;
		};
		F252ED1726A72B3A0039413C /* PBXContainerItemProxy */ = {
			isa = PBXContainerItemProxy;
			containerPortal = F252ECED26A72B390039413C /* Project object */;
			proxyType = 1;
			remoteGlobalIDString = F252ECF426A72B390039413C;
			remoteInfo = testRappi;
		};
/* End PBXContainerItemProxy section */

/* Begin PBXFileReference section */
		410A4B787E8942A0DD9579C5 /* Pods-testRappi-testRappiUITests.debug.xcconfig */ = {isa = PBXFileReference; includeInIndex = 1; lastKnownFileType = text.xcconfig; name = "Pods-testRappi-testRappiUITests.debug.xcconfig"; path = "Target Support Files/Pods-testRappi-testRappiUITests/Pods-testRappi-testRappiUITests.debug.xcconfig"; sourceTree = "<group>"; };
		53C507ECB0165FD4964E875F /* Pods-testRappi-testRappiUITests.release.xcconfig */ = {isa = PBXFileReference; includeInIndex = 1; lastKnownFileType = text.xcconfig; name = "Pods-testRappi-testRappiUITests.release.xcconfig"; path = "Target Support Files/Pods-testRappi-testRappiUITests/Pods-testRappi-testRappiUITests.release.xcconfig"; sourceTree = "<group>"; };
		68947B1B78349EA596484A3B /* Pods-testRappiTests.debug.xcconfig */ = {isa = PBXFileReference; includeInIndex = 1; lastKnownFileType = text.xcconfig; name = "Pods-testRappiTests.debug.xcconfig"; path = "Target Support Files/Pods-testRappiTests/Pods-testRappiTests.debug.xcconfig"; sourceTree = "<group>"; };
		C584CC8FBF29CDC244BE7F73 /* Pods_testRappi.framework */ = {isa = PBXFileReference; explicitFileType = wrapper.framework; includeInIndex = 0; path = Pods_testRappi.framework; sourceTree = BUILT_PRODUCTS_DIR; };
		CD2494E9F366B82395FBE992 /* Pods-testRappiTests.release.xcconfig */ = {isa = PBXFileReference; includeInIndex = 1; lastKnownFileType = text.xcconfig; name = "Pods-testRappiTests.release.xcconfig"; path = "Target Support Files/Pods-testRappiTests/Pods-testRappiTests.release.xcconfig"; sourceTree = "<group>"; };
		DFC25410A94561166FF07DDD /* Pods_testRappiTests.framework */ = {isa = PBXFileReference; explicitFileType = wrapper.framework; includeInIndex = 0; path = Pods_testRappiTests.framework; sourceTree = BUILT_PRODUCTS_DIR; };
		E749234FE620519C527F541C /* Pods-testRappi.release.xcconfig */ = {isa = PBXFileReference; includeInIndex = 1; lastKnownFileType = text.xcconfig; name = "Pods-testRappi.release.xcconfig"; path = "Target Support Files/Pods-testRappi/Pods-testRappi.release.xcconfig"; sourceTree = "<group>"; };
		EE0D9C8916F71B2F8E27D118 /* Pods_testRappi_testRappiUITests.framework */ = {isa = PBXFileReference; explicitFileType = wrapper.framework; includeInIndex = 0; path = Pods_testRappi_testRappiUITests.framework; sourceTree = BUILT_PRODUCTS_DIR; };
		F20E418D26DA836C00E29FF4 /* MoviesEntity.swift */ = {isa = PBXFileReference; lastKnownFileType = sourcecode.swift; path = MoviesEntity.swift; sourceTree = "<group>"; };
		F20E419026DABD1D00E29FF4 /* popular_mock.json */ = {isa = PBXFileReference; fileEncoding = 4; lastKnownFileType = text.json; path = popular_mock.json; sourceTree = "<group>"; };
		F20E419326DADD8400E29FF4 /* Utils.swift */ = {isa = PBXFileReference; lastKnownFileType = sourcecode.swift; path = Utils.swift; sourceTree = "<group>"; };
		F210E34926A9E2BB00A74A1E /* Model.xcdatamodel */ = {isa = PBXFileReference; lastKnownFileType = wrapper.xcdatamodel; path = Model.xcdatamodel; sourceTree = "<group>"; };
		F216F28A26DAFE9500F74A2E /* SearchVC.swift */ = {isa = PBXFileReference; lastKnownFileType = sourcecode.swift; path = SearchVC.swift; sourceTree = "<group>"; };
		F216F28B26DAFE9500F74A2E /* SearchVC.xib */ = {isa = PBXFileReference; lastKnownFileType = file.xib; path = SearchVC.xib; sourceTree = "<group>"; };
		F22063BD26B47469004F2A80 /* MoviesCollectionCell.swift */ = {isa = PBXFileReference; lastKnownFileType = sourcecode.swift; path = MoviesCollectionCell.swift; sourceTree = "<group>"; };
		F22063BE26B47469004F2A80 /* MoviesCollectionCell.xib */ = {isa = PBXFileReference; lastKnownFileType = file.xib; path = MoviesCollectionCell.xib; sourceTree = "<group>"; };
		F22CCE5F26D150600013986C /* GroupCollectionCell.swift */ = {isa = PBXFileReference; lastKnownFileType = sourcecode.swift; path = GroupCollectionCell.swift; sourceTree = "<group>"; };
		F22CCE6026D150600013986C /* GroupCollectionCell.xib */ = {isa = PBXFileReference; lastKnownFileType = file.xib; path = GroupCollectionCell.xib; sourceTree = "<group>"; };
		F24CA7EB26B4C6F200325B24 /* SearchPresenter.swift */ = {isa = PBXFileReference; lastKnownFileType = sourcecode.swift; path = SearchPresenter.swift; sourceTree = "<group>"; };
		F24CA7EC26B4C6F200325B24 /* SearchRouter.swift */ = {isa = PBXFileReference; lastKnownFileType = sourcecode.swift; path = SearchRouter.swift; sourceTree = "<group>"; };
		F24CA7ED26B4C6F200325B24 /* SearchInteractor.swift */ = {isa = PBXFileReference; lastKnownFileType = sourcecode.swift; path = SearchInteractor.swift; sourceTree = "<group>"; };
		F24CA7EE26B4C6F200325B24 /* SearchProtocol.swift */ = {isa = PBXFileReference; lastKnownFileType = sourcecode.swift; path = SearchProtocol.swift; sourceTree = "<group>"; };
		F252ECF526A72B390039413C /* testRappi.app */ = {isa = PBXFileReference; explicitFileType = wrapper.application; includeInIndex = 0; path = testRappi.app; sourceTree = BUILT_PRODUCTS_DIR; };
		F252ECF826A72B390039413C /* AppDelegate.swift */ = {isa = PBXFileReference; lastKnownFileType = sourcecode.swift; path = AppDelegate.swift; sourceTree = "<group>"; };
		F252ED0126A72B390039413C /* Assets.xcassets */ = {isa = PBXFileReference; lastKnownFileType = folder.assetcatalog; path = Assets.xcassets; sourceTree = "<group>"; };
		F252ED0426A72B390039413C /* Base */ = {isa = PBXFileReference; lastKnownFileType = file.storyboard; name = Base; path = Base.lproj/LaunchScreen.storyboard; sourceTree = "<group>"; };
		F252ED0626A72B390039413C /* Info.plist */ = {isa = PBXFileReference; lastKnownFileType = text.plist.xml; path = Info.plist; sourceTree = "<group>"; };
		F252ED0B26A72B3A0039413C /* testRappiTests.xctest */ = {isa = PBXFileReference; explicitFileType = wrapper.cfbundle; includeInIndex = 0; path = testRappiTests.xctest; sourceTree = BUILT_PRODUCTS_DIR; };
		F252ED0F26A72B3A0039413C /* testRappiTests.swift */ = {isa = PBXFileReference; lastKnownFileType = sourcecode.swift; path = testRappiTests.swift; sourceTree = "<group>"; };
		F252ED1126A72B3A0039413C /* Info.plist */ = {isa = PBXFileReference; lastKnownFileType = text.plist.xml; path = Info.plist; sourceTree = "<group>"; };
		F252ED1626A72B3A0039413C /* testRappiUITests.xctest */ = {isa = PBXFileReference; explicitFileType = wrapper.cfbundle; includeInIndex = 0; path = testRappiUITests.xctest; sourceTree = BUILT_PRODUCTS_DIR; };
		F252ED1A26A72B3A0039413C /* testRappiUITests.swift */ = {isa = PBXFileReference; lastKnownFileType = sourcecode.swift; path = testRappiUITests.swift; sourceTree = "<group>"; };
		F252ED1C26A72B3A0039413C /* Info.plist */ = {isa = PBXFileReference; lastKnownFileType = text.plist.xml; path = Info.plist; sourceTree = "<group>"; };
		F28C992526CC28440043B35C /* BaseProtocol.swift */ = {isa = PBXFileReference; lastKnownFileType = sourcecode.swift; path = BaseProtocol.swift; sourceTree = "<group>"; };
		F28C992C26CC30990043B35C /* TabBarVC.swift */ = {isa = PBXFileReference; lastKnownFileType = sourcecode.swift; path = TabBarVC.swift; sourceTree = "<group>"; };
		F28C992D26CC30990043B35C /* TabBarVC.xib */ = {isa = PBXFileReference; lastKnownFileType = file.xib; path = TabBarVC.xib; sourceTree = "<group>"; };
		F2A054D526A8E9B1005DF626 /* Persistence.swift */ = {isa = PBXFileReference; lastKnownFileType = sourcecode.swift; path = Persistence.swift; sourceTree = "<group>"; };
		F2CA383D26DC0ADC003A77D0 /* MovieDetailPresenter.swift */ = {isa = PBXFileReference; lastKnownFileType = sourcecode.swift; path = MovieDetailPresenter.swift; sourceTree = "<group>"; };
		F2CA383E26DC0ADC003A77D0 /* MovieDetailRouter.swift */ = {isa = PBXFileReference; lastKnownFileType = sourcecode.swift; path = MovieDetailRouter.swift; sourceTree = "<group>"; };
		F2CA383F26DC0ADC003A77D0 /* MovieDetailInteractor.swift */ = {isa = PBXFileReference; lastKnownFileType = sourcecode.swift; path = MovieDetailInteractor.swift; sourceTree = "<group>"; };
		F2CA384026DC0ADC003A77D0 /* MovieDetailProtocol.swift */ = {isa = PBXFileReference; lastKnownFileType = sourcecode.swift; path = MovieDetailProtocol.swift; sourceTree = "<group>"; };
		F2CA384826DC0B24003A77D0 /* MovieDetailVC.swift */ = {isa = PBXFileReference; lastKnownFileType = sourcecode.swift; path = MovieDetailVC.swift; sourceTree = "<group>"; };
		F2CA384926DC0B24003A77D0 /* MovieDetailVC.xib */ = {isa = PBXFileReference; lastKnownFileType = file.xib; path = MovieDetailVC.xib; sourceTree = "<group>"; };
		F2CA385126DC1B03003A77D0 /* UIViewController.swift */ = {isa = PBXFileReference; lastKnownFileType = sourcecode.swift; path = UIViewController.swift; sourceTree = "<group>"; };
		F2CA385626DC2F38003A77D0 /* MovieDetailEntity.swift */ = {isa = PBXFileReference; lastKnownFileType = sourcecode.swift; path = MovieDetailEntity.swift; sourceTree = "<group>"; };
		F2CA385926DC4E55003A77D0 /* VideoCollectionCell.swift */ = {isa = PBXFileReference; lastKnownFileType = sourcecode.swift; path = VideoCollectionCell.swift; sourceTree = "<group>"; };
		F2CA385A26DC4E55003A77D0 /* VideoCollectionCell.xib */ = {isa = PBXFileReference; lastKnownFileType = file.xib; path = VideoCollectionCell.xib; sourceTree = "<group>"; };
		F2D0D59E26CF2114003C7EB2 /* Localizable.strings */ = {isa = PBXFileReference; lastKnownFileType = text.plist.strings; path = Localizable.strings; sourceTree = "<group>"; };
		F2D0D5A226CF22F7003C7EB2 /* String.swift */ = {isa = PBXFileReference; lastKnownFileType = sourcecode.swift; path = String.swift; sourceTree = "<group>"; };
		F2D0D5A426CF40D2003C7EB2 /* HeaderCollectionView.swift */ = {isa = PBXFileReference; lastKnownFileType = sourcecode.swift; path = HeaderCollectionView.swift; sourceTree = "<group>"; };
		F2D0D5A526CF40D2003C7EB2 /* HeaderCollectionView.xib */ = {isa = PBXFileReference; lastKnownFileType = file.xib; path = HeaderCollectionView.xib; sourceTree = "<group>"; };
		F2EAE17626DD431B0058E332 /* loader.json */ = {isa = PBXFileReference; fileEncoding = 4; lastKnownFileType = text.json; path = loader.json; sourceTree = "<group>"; };
		F2EAE17826DD44DA0058E332 /* ProgressViewCustom.swift */ = {isa = PBXFileReference; lastKnownFileType = sourcecode.swift; path = ProgressViewCustom.swift; sourceTree = "<group>"; };
		F2EAE17A26DD7B000058E332 /* BaseController.swift */ = {isa = PBXFileReference; lastKnownFileType = sourcecode.swift; path = BaseController.swift; sourceTree = "<group>"; };
		F2EAE17C26DDAECB0058E332 /* loader2.json */ = {isa = PBXFileReference; fileEncoding = 4; lastKnownFileType = text.json; path = loader2.json; sourceTree = "<group>"; };
		F2F8357C26A72F1B007E13C8 /* HomePresenter.swift */ = {isa = PBXFileReference; lastKnownFileType = sourcecode.swift; path = HomePresenter.swift; sourceTree = "<group>"; };
		F2F8357D26A72F1B007E13C8 /* HomeRouter.swift */ = {isa = PBXFileReference; lastKnownFileType = sourcecode.swift; path = HomeRouter.swift; sourceTree = "<group>"; };
		F2F8357E26A72F1B007E13C8 /* HomeInteractor.swift */ = {isa = PBXFileReference; lastKnownFileType = sourcecode.swift; path = HomeInteractor.swift; sourceTree = "<group>"; };
		F2F8357F26A72F1B007E13C8 /* HomeProtocol.swift */ = {isa = PBXFileReference; lastKnownFileType = sourcecode.swift; path = HomeProtocol.swift; sourceTree = "<group>"; };
		F2F8358726A72F94007E13C8 /* HomeVC.swift */ = {isa = PBXFileReference; lastKnownFileType = sourcecode.swift; path = HomeVC.swift; sourceTree = "<group>"; };
		F2F8358826A72F94007E13C8 /* HomeVC.xib */ = {isa = PBXFileReference; lastKnownFileType = file.xib; path = HomeVC.xib; sourceTree = "<group>"; };
		F2F8358C26A731C5007E13C8 /* Constants.swift */ = {isa = PBXFileReference; lastKnownFileType = sourcecode.swift; path = Constants.swift; sourceTree = "<group>"; };
		F2F8358F26A78024007E13C8 /* AuthorizationEntity.swift */ = {isa = PBXFileReference; lastKnownFileType = sourcecode.swift; path = AuthorizationEntity.swift; sourceTree = "<group>"; };
		FDCA720817C435F8ABE53968 /* Pods-testRappi.debug.xcconfig */ = {isa = PBXFileReference; includeInIndex = 1; lastKnownFileType = text.xcconfig; name = "Pods-testRappi.debug.xcconfig"; path = "Target Support Files/Pods-testRappi/Pods-testRappi.debug.xcconfig"; sourceTree = "<group>"; };
/* End PBXFileReference section */

/* Begin PBXFrameworksBuildPhase section */
		F252ECF226A72B390039413C /* Frameworks */ = {
			isa = PBXFrameworksBuildPhase;
			buildActionMask = 2147483647;
			files = (
				181B9EE0AA56E80142B8FA30 /* Pods_testRappi.framework in Frameworks */,
			);
			runOnlyForDeploymentPostprocessing = 0;
		};
		F252ED0826A72B3A0039413C /* Frameworks */ = {
			isa = PBXFrameworksBuildPhase;
			buildActionMask = 2147483647;
			files = (
				441B272D3B0E0B8A828EDFE1 /* Pods_testRappiTests.framework in Frameworks */,
			);
			runOnlyForDeploymentPostprocessing = 0;
		};
		F252ED1326A72B3A0039413C /* Frameworks */ = {
			isa = PBXFrameworksBuildPhase;
			buildActionMask = 2147483647;
			files = (
				149B183EB33BD795EC8546A3 /* Pods_testRappi_testRappiUITests.framework in Frameworks */,
			);
			runOnlyForDeploymentPostprocessing = 0;
		};
/* End PBXFrameworksBuildPhase section */

/* Begin PBXGroup section */
		3E5ECAA733B6CB195CE3116A /* Frameworks */ = {
			isa = PBXGroup;
			children = (
				C584CC8FBF29CDC244BE7F73 /* Pods_testRappi.framework */,
				EE0D9C8916F71B2F8E27D118 /* Pods_testRappi_testRappiUITests.framework */,
				DFC25410A94561166FF07DDD /* Pods_testRappiTests.framework */,
			);
			name = Frameworks;
			sourceTree = "<group>";
		};
		C7499087156E30C5B56A5650 /* Pods */ = {
			isa = PBXGroup;
			children = (
				FDCA720817C435F8ABE53968 /* Pods-testRappi.debug.xcconfig */,
				E749234FE620519C527F541C /* Pods-testRappi.release.xcconfig */,
				410A4B787E8942A0DD9579C5 /* Pods-testRappi-testRappiUITests.debug.xcconfig */,
				53C507ECB0165FD4964E875F /* Pods-testRappi-testRappiUITests.release.xcconfig */,
				68947B1B78349EA596484A3B /* Pods-testRappiTests.debug.xcconfig */,
				CD2494E9F366B82395FBE992 /* Pods-testRappiTests.release.xcconfig */,
			);
			path = Pods;
			sourceTree = "<group>";
		};
		F20E418F26DABB8700E29FF4 /* Mock */ = {
			isa = PBXGroup;
			children = (
				F20E419026DABD1D00E29FF4 /* popular_mock.json */,
			);
			path = Mock;
			sourceTree = "<group>";
		};
		F20E419226DADD5200E29FF4 /* Utils */ = {
			isa = PBXGroup;
			children = (
				F20E419326DADD8400E29FF4 /* Utils.swift */,
			);
			path = Utils;
			sourceTree = "<group>";
		};
		F216F28926DAFE7500F74A2E /* View */ = {
			isa = PBXGroup;
			children = (
				F216F28A26DAFE9500F74A2E /* SearchVC.swift */,
				F216F28B26DAFE9500F74A2E /* SearchVC.xib */,
			);
			path = View;
			sourceTree = "<group>";
		};
		F22063BC26B47415004F2A80 /* View */ = {
			isa = PBXGroup;
			children = (
				F29179AF26CFEEE500C07E35 /* Header */,
				F28C993126CC63C40043B35C /* Cell */,
				F2F8358726A72F94007E13C8 /* HomeVC.swift */,
				F2F8358826A72F94007E13C8 /* HomeVC.xib */,
			);
			path = View;
			sourceTree = "<group>";
		};
		F24CA7E926B4BC9B00325B24 /* Search */ = {
			isa = PBXGroup;
			children = (
				F2CA383926DC09A5003A77D0 /* Protocol */,
				F2CA383826DC0982003A77D0 /* Router */,
				F2CA383726DC096B003A77D0 /* Presenter */,
				F2CA383626DC0959003A77D0 /* Interactor */,
				F216F28926DAFE7500F74A2E /* View */,
			);
			path = Search;
			sourceTree = "<group>";
		};
		F252ECEC26A72B390039413C = {
			isa = PBXGroup;
			children = (
				F252ECF726A72B390039413C /* testRappi */,
				F252ED0E26A72B3A0039413C /* testRappiTests */,
				F252ED1926A72B3A0039413C /* testRappiUITests */,
				F252ECF626A72B390039413C /* Products */,
				C7499087156E30C5B56A5650 /* Pods */,
				3E5ECAA733B6CB195CE3116A /* Frameworks */,
			);
			sourceTree = "<group>";
		};
		F252ECF626A72B390039413C /* Products */ = {
			isa = PBXGroup;
			children = (
				F252ECF526A72B390039413C /* testRappi.app */,
				F252ED0B26A72B3A0039413C /* testRappiTests.xctest */,
				F252ED1626A72B3A0039413C /* testRappiUITests.xctest */,
			);
			name = Products;
			sourceTree = "<group>";
		};
		F252ECF726A72B390039413C /* testRappi */ = {
			isa = PBXGroup;
			children = (
				F2EAE17526DD42950058E332 /* Animations */,
				F20E419226DADD5200E29FF4 /* Utils */,
				F20E418F26DABB8700E29FF4 /* Mock */,
				F2D0D5A126CF22DF003C7EB2 /* Extensions */,
				F2E9EF6E26C98B7000E9A9AB /* Commons */,
				F2A054D426A8E951005DF626 /* Persistence */,
				F2F8358B26A731AD007E13C8 /* Constants */,
				F2F8357926A72EF0007E13C8 /* Features */,
				F252ECF826A72B390039413C /* AppDelegate.swift */,
				F252ED0126A72B390039413C /* Assets.xcassets */,
				F252ED0326A72B390039413C /* LaunchScreen.storyboard */,
				F252ED0626A72B390039413C /* Info.plist */,
				F210E34826A9E2BB00A74A1E /* Model.xcdatamodeld */,
				F2D0D59E26CF2114003C7EB2 /* Localizable.strings */,
			);
			path = testRappi;
			sourceTree = "<group>";
		};
		F252ED0E26A72B3A0039413C /* testRappiTests */ = {
			isa = PBXGroup;
			children = (
				F252ED0F26A72B3A0039413C /* testRappiTests.swift */,
				F252ED1126A72B3A0039413C /* Info.plist */,
			);
			path = testRappiTests;
			sourceTree = "<group>";
		};
		F252ED1926A72B3A0039413C /* testRappiUITests */ = {
			isa = PBXGroup;
			children = (
				F252ED1A26A72B3A0039413C /* testRappiUITests.swift */,
				F252ED1C26A72B3A0039413C /* Info.plist */,
			);
			path = testRappiUITests;
			sourceTree = "<group>";
		};
		F28C992726CC2F4F0043B35C /* TabBar */ = {
			isa = PBXGroup;
			children = (
				F28C993026CC62CC0043B35C /* View */,
			);
			path = TabBar;
			sourceTree = "<group>";
		};
		F28C993026CC62CC0043B35C /* View */ = {
			isa = PBXGroup;
			children = (
				F28C992D26CC30990043B35C /* TabBarVC.xib */,
				F28C992C26CC30990043B35C /* TabBarVC.swift */,
			);
			path = View;
			sourceTree = "<group>";
		};
		F28C993126CC63C40043B35C /* Cell */ = {
			isa = PBXGroup;
			children = (
				F22063BE26B47469004F2A80 /* MoviesCollectionCell.xib */,
				F22063BD26B47469004F2A80 /* MoviesCollectionCell.swift */,
				F22CCE5F26D150600013986C /* GroupCollectionCell.swift */,
				F22CCE6026D150600013986C /* GroupCollectionCell.xib */,
			);
			path = Cell;
			sourceTree = "<group>";
		};
		F28C993226CC63E60043B35C /* Interactor */ = {
			isa = PBXGroup;
			children = (
				F2F8357E26A72F1B007E13C8 /* HomeInteractor.swift */,
			);
			path = Interactor;
			sourceTree = "<group>";
		};
		F28C993326CC63F90043B35C /* Presenter */ = {
			isa = PBXGroup;
			children = (
				F2F8357C26A72F1B007E13C8 /* HomePresenter.swift */,
			);
			path = Presenter;
			sourceTree = "<group>";
		};
		F28C993426CC64070043B35C /* Router */ = {
			isa = PBXGroup;
			children = (
				F2F8357D26A72F1B007E13C8 /* HomeRouter.swift */,
			);
			path = Router;
			sourceTree = "<group>";
		};
		F28C993526CC641A0043B35C /* Protocol */ = {
			isa = PBXGroup;
			children = (
				F2F8357F26A72F1B007E13C8 /* HomeProtocol.swift */,
			);
			path = Protocol;
			sourceTree = "<group>";
		};
		F29179AF26CFEEE500C07E35 /* Header */ = {
			isa = PBXGroup;
			children = (
				F2D0D5A426CF40D2003C7EB2 /* HeaderCollectionView.swift */,
				F2D0D5A526CF40D2003C7EB2 /* HeaderCollectionView.xib */,
			);
			path = Header;
			sourceTree = "<group>";
		};
		F2A054D426A8E951005DF626 /* Persistence */ = {
			isa = PBXGroup;
			children = (
				F2A054D526A8E9B1005DF626 /* Persistence.swift */,
			);
			path = Persistence;
			sourceTree = "<group>";
		};
		F2CA383626DC0959003A77D0 /* Interactor */ = {
			isa = PBXGroup;
			children = (
				F24CA7ED26B4C6F200325B24 /* SearchInteractor.swift */,
			);
			path = Interactor;
			sourceTree = "<group>";
		};
		F2CA383726DC096B003A77D0 /* Presenter */ = {
			isa = PBXGroup;
			children = (
				F24CA7EB26B4C6F200325B24 /* SearchPresenter.swift */,
			);
			path = Presenter;
			sourceTree = "<group>";
		};
		F2CA383826DC0982003A77D0 /* Router */ = {
			isa = PBXGroup;
			children = (
				F24CA7EC26B4C6F200325B24 /* SearchRouter.swift */,
			);
			path = Router;
			sourceTree = "<group>";
		};
		F2CA383926DC09A5003A77D0 /* Protocol */ = {
			isa = PBXGroup;
			children = (
				F24CA7EE26B4C6F200325B24 /* SearchProtocol.swift */,
			);
			path = Protocol;
			sourceTree = "<group>";
		};
		F2CA383B26DC0A46003A77D0 /* MovieDetail */ = {
			isa = PBXGroup;
			children = (
				F2CA385526DC2F18003A77D0 /* Entity */,
				F2CA385026DC0C38003A77D0 /* Protocol */,
				F2CA384F26DC0C2B003A77D0 /* Router */,
				F2CA384E26DC0C1C003A77D0 /* Presenter */,
				F2CA384D26DC0C0E003A77D0 /* Interactor */,
				F2CA384C26DC0BFF003A77D0 /* View */,
			);
			path = MovieDetail;
			sourceTree = "<group>";
		};
		F2CA384C26DC0BFF003A77D0 /* View */ = {
			isa = PBXGroup;
			children = (
				F2CA385826DC4E25003A77D0 /* Cell */,
				F2CA384826DC0B24003A77D0 /* MovieDetailVC.swift */,
				F2CA384926DC0B24003A77D0 /* MovieDetailVC.xib */,
			);
			path = View;
			sourceTree = "<group>";
		};
		F2CA384D26DC0C0E003A77D0 /* Interactor */ = {
			isa = PBXGroup;
			children = (
				F2CA383F26DC0ADC003A77D0 /* MovieDetailInteractor.swift */,
			);
			path = Interactor;
			sourceTree = "<group>";
		};
		F2CA384E26DC0C1C003A77D0 /* Presenter */ = {
			isa = PBXGroup;
			children = (
				F2CA383D26DC0ADC003A77D0 /* MovieDetailPresenter.swift */,
			);
			path = Presenter;
			sourceTree = "<group>";
		};
		F2CA384F26DC0C2B003A77D0 /* Router */ = {
			isa = PBXGroup;
			children = (
				F2CA383E26DC0ADC003A77D0 /* MovieDetailRouter.swift */,
			);
			path = Router;
			sourceTree = "<group>";
		};
		F2CA385026DC0C38003A77D0 /* Protocol */ = {
			isa = PBXGroup;
			children = (
				F2CA384026DC0ADC003A77D0 /* MovieDetailProtocol.swift */,
			);
			path = Protocol;
			sourceTree = "<group>";
		};
		F2CA385526DC2F18003A77D0 /* Entity */ = {
			isa = PBXGroup;
			children = (
				F2CA385626DC2F38003A77D0 /* MovieDetailEntity.swift */,
			);
			path = Entity;
			sourceTree = "<group>";
		};
		F2CA385826DC4E25003A77D0 /* Cell */ = {
			isa = PBXGroup;
			children = (
				F2CA385926DC4E55003A77D0 /* VideoCollectionCell.swift */,
				F2CA385A26DC4E55003A77D0 /* VideoCollectionCell.xib */,
			);
			path = Cell;
			sourceTree = "<group>";
		};
		F2D0D5A126CF22DF003C7EB2 /* Extensions */ = {
			isa = PBXGroup;
			children = (
				F2D0D5A226CF22F7003C7EB2 /* String.swift */,
				F2CA385126DC1B03003A77D0 /* UIViewController.swift */,
			);
			path = Extensions;
			sourceTree = "<group>";
		};
		F2E9EF6E26C98B7000E9A9AB /* Commons */ = {
			isa = PBXGroup;
			children = (
				F28C992526CC28440043B35C /* BaseProtocol.swift */,
				F2EAE17826DD44DA0058E332 /* ProgressViewCustom.swift */,
				F2EAE17A26DD7B000058E332 /* BaseController.swift */,
			);
			path = Commons;
			sourceTree = "<group>";
		};
		F2EAE17526DD42950058E332 /* Animations */ = {
			isa = PBXGroup;
			children = (
				F2EAE17C26DDAECB0058E332 /* loader2.json */,
				F2EAE17626DD431B0058E332 /* loader.json */,
			);
			path = Animations;
			sourceTree = "<group>";
		};
		F2F8357926A72EF0007E13C8 /* Features */ = {
			isa = PBXGroup;
			children = (
				F2CA383B26DC0A46003A77D0 /* MovieDetail */,
				F28C992726CC2F4F0043B35C /* TabBar */,
				F24CA7E926B4BC9B00325B24 /* Search */,
				F2F8357A26A72EFD007E13C8 /* Home */,
			);
			path = Features;
			sourceTree = "<group>";
		};
		F2F8357A26A72EFD007E13C8 /* Home */ = {
			isa = PBXGroup;
			children = (
				F28C993526CC641A0043B35C /* Protocol */,
				F28C993426CC64070043B35C /* Router */,
				F2F8358E26A77FE2007E13C8 /* Entity */,
				F28C993326CC63F90043B35C /* Presenter */,
				F28C993226CC63E60043B35C /* Interactor */,
				F22063BC26B47415004F2A80 /* View */,
			);
			path = Home;
			sourceTree = "<group>";
		};
		F2F8358B26A731AD007E13C8 /* Constants */ = {
			isa = PBXGroup;
			children = (
				F2F8358C26A731C5007E13C8 /* Constants.swift */,
			);
			path = Constants;
			sourceTree = "<group>";
		};
		F2F8358E26A77FE2007E13C8 /* Entity */ = {
			isa = PBXGroup;
			children = (
				F2F8358F26A78024007E13C8 /* AuthorizationEntity.swift */,
				F20E418D26DA836C00E29FF4 /* MoviesEntity.swift */,
			);
			path = Entity;
			sourceTree = "<group>";
		};
/* End PBXGroup section */

/* Begin PBXNativeTarget section */
		F252ECF426A72B390039413C /* testRappi */ = {
			isa = PBXNativeTarget;
			buildConfigurationList = F252ED1F26A72B3A0039413C /* Build configuration list for PBXNativeTarget "testRappi" */;
			buildPhases = (
				96FF3AF4F78B20B0544CA991 /* [CP] Check Pods Manifest.lock */,
				F252ECF126A72B390039413C /* Sources */,
				F252ECF226A72B390039413C /* Frameworks */,
				F252ECF326A72B390039413C /* Resources */,
				1517B5D1C7710127FDC1F371 /* [CP] Embed Pods Frameworks */,
				F2A0477A26C96D7100A4C263 /* ShellScript */,
			);
			buildRules = (
			);
			dependencies = (
			);
			name = testRappi;
			productName = testRappi;
			productReference = F252ECF526A72B390039413C /* testRappi.app */;
			productType = "com.apple.product-type.application";
		};
		F252ED0A26A72B3A0039413C /* testRappiTests */ = {
			isa = PBXNativeTarget;
			buildConfigurationList = F252ED2226A72B3A0039413C /* Build configuration list for PBXNativeTarget "testRappiTests" */;
			buildPhases = (
				D0A885687106544BF737B9F0 /* [CP] Check Pods Manifest.lock */,
				F252ED0726A72B3A0039413C /* Sources */,
				F252ED0826A72B3A0039413C /* Frameworks */,
				F252ED0926A72B3A0039413C /* Resources */,
			);
			buildRules = (
			);
			dependencies = (
				F252ED0D26A72B3A0039413C /* PBXTargetDependency */,
			);
			name = testRappiTests;
			productName = testRappiTests;
			productReference = F252ED0B26A72B3A0039413C /* testRappiTests.xctest */;
			productType = "com.apple.product-type.bundle.unit-test";
		};
		F252ED1526A72B3A0039413C /* testRappiUITests */ = {
			isa = PBXNativeTarget;
			buildConfigurationList = F252ED2526A72B3A0039413C /* Build configuration list for PBXNativeTarget "testRappiUITests" */;
			buildPhases = (
				A180272523C7A8219DC21E95 /* [CP] Check Pods Manifest.lock */,
				F252ED1226A72B3A0039413C /* Sources */,
				F252ED1326A72B3A0039413C /* Frameworks */,
				F252ED1426A72B3A0039413C /* Resources */,
				8622861BD60179A6993DFA3A /* [CP] Embed Pods Frameworks */,
			);
			buildRules = (
			);
			dependencies = (
				F252ED1826A72B3A0039413C /* PBXTargetDependency */,
			);
			name = testRappiUITests;
			productName = testRappiUITests;
			productReference = F252ED1626A72B3A0039413C /* testRappiUITests.xctest */;
			productType = "com.apple.product-type.bundle.ui-testing";
		};
/* End PBXNativeTarget section */

/* Begin PBXProject section */
		F252ECED26A72B390039413C /* Project object */ = {
			isa = PBXProject;
			attributes = {
				LastSwiftUpdateCheck = 1250;
				LastUpgradeCheck = 1250;
				TargetAttributes = {
					F252ECF426A72B390039413C = {
						CreatedOnToolsVersion = 12.5.1;
					};
					F252ED0A26A72B3A0039413C = {
						CreatedOnToolsVersion = 12.5.1;
						TestTargetID = F252ECF426A72B390039413C;
					};
					F252ED1526A72B3A0039413C = {
						CreatedOnToolsVersion = 12.5.1;
						TestTargetID = F252ECF426A72B390039413C;
					};
				};
			};
			buildConfigurationList = F252ECF026A72B390039413C /* Build configuration list for PBXProject "testRappi" */;
			compatibilityVersion = "Xcode 9.3";
			developmentRegion = en;
			hasScannedForEncodings = 0;
			knownRegions = (
				en,
				Base,
			);
			mainGroup = F252ECEC26A72B390039413C;
			productRefGroup = F252ECF626A72B390039413C /* Products */;
			projectDirPath = "";
			projectRoot = "";
			targets = (
				F252ECF426A72B390039413C /* testRappi */,
				F252ED0A26A72B3A0039413C /* testRappiTests */,
				F252ED1526A72B3A0039413C /* testRappiUITests */,
			);
		};
/* End PBXProject section */

/* Begin PBXResourcesBuildPhase section */
		F252ECF326A72B390039413C /* Resources */ = {
			isa = PBXResourcesBuildPhase;
			buildActionMask = 2147483647;
			files = (
				F22063C026B47469004F2A80 /* MoviesCollectionCell.xib in Resources */,
				F28C992F26CC30990043B35C /* TabBarVC.xib in Resources */,
				F20E419126DABD1D00E29FF4 /* popular_mock.json in Resources */,
				F252ED0526A72B390039413C /* LaunchScreen.storyboard in Resources */,
				F2CA385C26DC4E55003A77D0 /* VideoCollectionCell.xib in Resources */,
				F22CCE6226D150600013986C /* GroupCollectionCell.xib in Resources */,
				F2D0D5A726CF40D2003C7EB2 /* HeaderCollectionView.xib in Resources */,
				F2CA384B26DC0B24003A77D0 /* MovieDetailVC.xib in Resources */,
				F2F8358A26A72F94007E13C8 /* HomeVC.xib in Resources */,
				F2EAE17D26DDAECB0058E332 /* loader2.json in Resources */,
				F2D0D59F26CF2114003C7EB2 /* Localizable.strings in Resources */,
				F2EAE17726DD431B0058E332 /* loader.json in Resources */,
				F216F28D26DAFE9500F74A2E /* SearchVC.xib in Resources */,
				F252ED0226A72B390039413C /* Assets.xcassets in Resources */,
			);
			runOnlyForDeploymentPostprocessing = 0;
		};
		F252ED0926A72B3A0039413C /* Resources */ = {
			isa = PBXResourcesBuildPhase;
			buildActionMask = 2147483647;
			files = (
			);
			runOnlyForDeploymentPostprocessing = 0;
		};
		F252ED1426A72B3A0039413C /* Resources */ = {
			isa = PBXResourcesBuildPhase;
			buildActionMask = 2147483647;
			files = (
			);
			runOnlyForDeploymentPostprocessing = 0;
		};
/* End PBXResourcesBuildPhase section */

/* Begin PBXShellScriptBuildPhase section */
		1517B5D1C7710127FDC1F371 /* [CP] Embed Pods Frameworks */ = {
			isa = PBXShellScriptBuildPhase;
			buildActionMask = 2147483647;
			files = (
			);
			inputFileListPaths = (
				"${PODS_ROOT}/Target Support Files/Pods-testRappi/Pods-testRappi-frameworks-${CONFIGURATION}-input-files.xcfilelist",
			);
			name = "[CP] Embed Pods Frameworks";
			outputFileListPaths = (
				"${PODS_ROOT}/Target Support Files/Pods-testRappi/Pods-testRappi-frameworks-${CONFIGURATION}-output-files.xcfilelist",
			);
			runOnlyForDeploymentPostprocessing = 0;
			shellPath = /bin/sh;
			shellScript = "\"${PODS_ROOT}/Target Support Files/Pods-testRappi/Pods-testRappi-frameworks.sh\"\n";
			showEnvVarsInLog = 0;
		};
		8622861BD60179A6993DFA3A /* [CP] Embed Pods Frameworks */ = {
			isa = PBXShellScriptBuildPhase;
			buildActionMask = 2147483647;
			files = (
			);
			inputFileListPaths = (
				"${PODS_ROOT}/Target Support Files/Pods-testRappi-testRappiUITests/Pods-testRappi-testRappiUITests-frameworks-${CONFIGURATION}-input-files.xcfilelist",
			);
			name = "[CP] Embed Pods Frameworks";
			outputFileListPaths = (
				"${PODS_ROOT}/Target Support Files/Pods-testRappi-testRappiUITests/Pods-testRappi-testRappiUITests-frameworks-${CONFIGURATION}-output-files.xcfilelist",
			);
			runOnlyForDeploymentPostprocessing = 0;
			shellPath = /bin/sh;
			shellScript = "\"${PODS_ROOT}/Target Support Files/Pods-testRappi-testRappiUITests/Pods-testRappi-testRappiUITests-frameworks.sh\"\n";
			showEnvVarsInLog = 0;
		};
		96FF3AF4F78B20B0544CA991 /* [CP] Check Pods Manifest.lock */ = {
			isa = PBXShellScriptBuildPhase;
			buildActionMask = 2147483647;
			files = (
			);
			inputFileListPaths = (
			);
			inputPaths = (
				"${PODS_PODFILE_DIR_PATH}/Podfile.lock",
				"${PODS_ROOT}/Manifest.lock",
			);
			name = "[CP] Check Pods Manifest.lock";
			outputFileListPaths = (
			);
			outputPaths = (
				"$(DERIVED_FILE_DIR)/Pods-testRappi-checkManifestLockResult.txt",
			);
			runOnlyForDeploymentPostprocessing = 0;
			shellPath = /bin/sh;
			shellScript = "diff \"${PODS_PODFILE_DIR_PATH}/Podfile.lock\" \"${PODS_ROOT}/Manifest.lock\" > /dev/null\nif [ $? != 0 ] ; then\n    # print error to STDERR\n    echo \"error: The sandbox is not in sync with the Podfile.lock. Run 'pod install' or update your CocoaPods installation.\" >&2\n    exit 1\nfi\n# This output is used by Xcode 'outputs' to avoid re-running this script phase.\necho \"SUCCESS\" > \"${SCRIPT_OUTPUT_FILE_0}\"\n";
			showEnvVarsInLog = 0;
		};
		A180272523C7A8219DC21E95 /* [CP] Check Pods Manifest.lock */ = {
			isa = PBXShellScriptBuildPhase;
			buildActionMask = 2147483647;
			files = (
			);
			inputFileListPaths = (
			);
			inputPaths = (
				"${PODS_PODFILE_DIR_PATH}/Podfile.lock",
				"${PODS_ROOT}/Manifest.lock",
			);
			name = "[CP] Check Pods Manifest.lock";
			outputFileListPaths = (
			);
			outputPaths = (
				"$(DERIVED_FILE_DIR)/Pods-testRappi-testRappiUITests-checkManifestLockResult.txt",
			);
			runOnlyForDeploymentPostprocessing = 0;
			shellPath = /bin/sh;
			shellScript = "diff \"${PODS_PODFILE_DIR_PATH}/Podfile.lock\" \"${PODS_ROOT}/Manifest.lock\" > /dev/null\nif [ $? != 0 ] ; then\n    # print error to STDERR\n    echo \"error: The sandbox is not in sync with the Podfile.lock. Run 'pod install' or update your CocoaPods installation.\" >&2\n    exit 1\nfi\n# This output is used by Xcode 'outputs' to avoid re-running this script phase.\necho \"SUCCESS\" > \"${SCRIPT_OUTPUT_FILE_0}\"\n";
			showEnvVarsInLog = 0;
		};
		D0A885687106544BF737B9F0 /* [CP] Check Pods Manifest.lock */ = {
			isa = PBXShellScriptBuildPhase;
			buildActionMask = 2147483647;
			files = (
			);
			inputFileListPaths = (
			);
			inputPaths = (
				"${PODS_PODFILE_DIR_PATH}/Podfile.lock",
				"${PODS_ROOT}/Manifest.lock",
			);
			name = "[CP] Check Pods Manifest.lock";
			outputFileListPaths = (
			);
			outputPaths = (
				"$(DERIVED_FILE_DIR)/Pods-testRappiTests-checkManifestLockResult.txt",
			);
			runOnlyForDeploymentPostprocessing = 0;
			shellPath = /bin/sh;
			shellScript = "diff \"${PODS_PODFILE_DIR_PATH}/Podfile.lock\" \"${PODS_ROOT}/Manifest.lock\" > /dev/null\nif [ $? != 0 ] ; then\n    # print error to STDERR\n    echo \"error: The sandbox is not in sync with the Podfile.lock. Run 'pod install' or update your CocoaPods installation.\" >&2\n    exit 1\nfi\n# This output is used by Xcode 'outputs' to avoid re-running this script phase.\necho \"SUCCESS\" > \"${SCRIPT_OUTPUT_FILE_0}\"\n";
			showEnvVarsInLog = 0;
		};
		F2A0477A26C96D7100A4C263 /* ShellScript */ = {
			isa = PBXShellScriptBuildPhase;
			buildActionMask = 2147483647;
			files = (
			);
			inputFileListPaths = (
			);
			inputPaths = (
			);
			outputFileListPaths = (
			);
			outputPaths = (
			);
			runOnlyForDeploymentPostprocessing = 0;
			shellPath = /bin/sh;
			shellScript = "\"${PODS_ROOT}/SwiftLint/swiftlint\"\n";
		};
/* End PBXShellScriptBuildPhase section */

/* Begin PBXSourcesBuildPhase section */
		F252ECF126A72B390039413C /* Sources */ = {
			isa = PBXSourcesBuildPhase;
			buildActionMask = 2147483647;
			files = (
				F2F8358526A72F1B007E13C8 /* HomeProtocol.swift in Sources */,
				F2F8358926A72F94007E13C8 /* HomeVC.swift in Sources */,
				F2EAE17B26DD7B000058E332 /* BaseController.swift in Sources */,
				F2CA384526DC0ADC003A77D0 /* MovieDetailInteractor.swift in Sources */,
				F2EAE17926DD44DA0058E332 /* ProgressViewCustom.swift in Sources */,
				F24CA7F326B4C6F200325B24 /* SearchInteractor.swift in Sources */,
				F2D0D5A626CF40D2003C7EB2 /* HeaderCollectionView.swift in Sources */,
				F20E419426DADD8400E29FF4 /* Utils.swift in Sources */,
				F252ECF926A72B390039413C /* AppDelegate.swift in Sources */,
				F22063BF26B47469004F2A80 /* MoviesCollectionCell.swift in Sources */,
				F2CA385B26DC4E55003A77D0 /* VideoCollectionCell.swift in Sources */,
				F28C992E26CC30990043B35C /* TabBarVC.swift in Sources */,
				F2CA384426DC0ADC003A77D0 /* MovieDetailRouter.swift in Sources */,
				F216F28C26DAFE9500F74A2E /* SearchVC.swift in Sources */,
				F24CA7F426B4C6F200325B24 /* SearchProtocol.swift in Sources */,
				F2CA385226DC1B03003A77D0 /* UIViewController.swift in Sources */,
				F20E418E26DA836C00E29FF4 /* MoviesEntity.swift in Sources */,
				F2CA385726DC2F38003A77D0 /* MovieDetailEntity.swift in Sources */,
				F24CA7F226B4C6F200325B24 /* SearchRouter.swift in Sources */,
				F2CA384326DC0ADC003A77D0 /* MovieDetailPresenter.swift in Sources */,
				F24CA7F126B4C6F200325B24 /* SearchPresenter.swift in Sources */,
				F22CCE6126D150600013986C /* GroupCollectionCell.swift in Sources */,
				F2D0D5A326CF22F7003C7EB2 /* String.swift in Sources */,
				F2F8358426A72F1B007E13C8 /* HomeInteractor.swift in Sources */,
				F2F8359026A78024007E13C8 /* AuthorizationEntity.swift in Sources */,
				F2F8358226A72F1B007E13C8 /* HomePresenter.swift in Sources */,
				F2A054D626A8E9B1005DF626 /* Persistence.swift in Sources */,
				F2F8358326A72F1B007E13C8 /* HomeRouter.swift in Sources */,
				F210E34A26A9E2BB00A74A1E /* Model.xcdatamodeld in Sources */,
				F28C992626CC28440043B35C /* BaseProtocol.swift in Sources */,
				F2F8358D26A731C5007E13C8 /* Constants.swift in Sources */,
				F2CA384626DC0ADC003A77D0 /* MovieDetailProtocol.swift in Sources */,
				F2CA384A26DC0B24003A77D0 /* MovieDetailVC.swift in Sources */,
			);
			runOnlyForDeploymentPostprocessing = 0;
		};
		F252ED0726A72B3A0039413C /* Sources */ = {
			isa = PBXSourcesBuildPhase;
			buildActionMask = 2147483647;
			files = (
				F252ED1026A72B3A0039413C /* testRappiTests.swift in Sources */,
			);
			runOnlyForDeploymentPostprocessing = 0;
		};
		F252ED1226A72B3A0039413C /* Sources */ = {
			isa = PBXSourcesBuildPhase;
			buildActionMask = 2147483647;
			files = (
				F252ED1B26A72B3A0039413C /* testRappiUITests.swift in Sources */,
			);
			runOnlyForDeploymentPostprocessing = 0;
		};
/* End PBXSourcesBuildPhase section */

/* Begin PBXTargetDependency section */
		F252ED0D26A72B3A0039413C /* PBXTargetDependency */ = {
			isa = PBXTargetDependency;
			target = F252ECF426A72B390039413C /* testRappi */;
			targetProxy = F252ED0C26A72B3A0039413C /* PBXContainerItemProxy */;
		};
		F252ED1826A72B3A0039413C /* PBXTargetDependency */ = {
			isa = PBXTargetDependency;
			target = F252ECF426A72B390039413C /* testRappi */;
			targetProxy = F252ED1726A72B3A0039413C /* PBXContainerItemProxy */;
		};
/* End PBXTargetDependency section */

/* Begin PBXVariantGroup section */
		F252ED0326A72B390039413C /* LaunchScreen.storyboard */ = {
			isa = PBXVariantGroup;
			children = (
				F252ED0426A72B390039413C /* Base */,
			);
			name = LaunchScreen.storyboard;
			sourceTree = "<group>";
		};
/* End PBXVariantGroup section */

/* Begin XCBuildConfiguration section */
		F252ED1D26A72B3A0039413C /* Debug */ = {
			isa = XCBuildConfiguration;
			buildSettings = {
				ALWAYS_SEARCH_USER_PATHS = NO;
				CLANG_ANALYZER_NONNULL = YES;
				CLANG_ANALYZER_NUMBER_OBJECT_CONVERSION = YES_AGGRESSIVE;
				CLANG_CXX_LANGUAGE_STANDARD = "gnu++14";
				CLANG_CXX_LIBRARY = "libc++";
				CLANG_ENABLE_MODULES = YES;
				CLANG_ENABLE_OBJC_ARC = YES;
				CLANG_ENABLE_OBJC_WEAK = YES;
				CLANG_WARN_BLOCK_CAPTURE_AUTORELEASING = YES;
				CLANG_WARN_BOOL_CONVERSION = YES;
				CLANG_WARN_COMMA = YES;
				CLANG_WARN_CONSTANT_CONVERSION = YES;
				CLANG_WARN_DEPRECATED_OBJC_IMPLEMENTATIONS = YES;
				CLANG_WARN_DIRECT_OBJC_ISA_USAGE = YES_ERROR;
				CLANG_WARN_DOCUMENTATION_COMMENTS = YES;
				CLANG_WARN_EMPTY_BODY = YES;
				CLANG_WARN_ENUM_CONVERSION = YES;
				CLANG_WARN_INFINITE_RECURSION = YES;
				CLANG_WARN_INT_CONVERSION = YES;
				CLANG_WARN_NON_LITERAL_NULL_CONVERSION = YES;
				CLANG_WARN_OBJC_IMPLICIT_RETAIN_SELF = YES;
				CLANG_WARN_OBJC_LITERAL_CONVERSION = YES;
				CLANG_WARN_OBJC_ROOT_CLASS = YES_ERROR;
				CLANG_WARN_QUOTED_INCLUDE_IN_FRAMEWORK_HEADER = YES;
				CLANG_WARN_RANGE_LOOP_ANALYSIS = YES;
				CLANG_WARN_STRICT_PROTOTYPES = YES;
				CLANG_WARN_SUSPICIOUS_MOVE = YES;
				CLANG_WARN_UNGUARDED_AVAILABILITY = YES_AGGRESSIVE;
				CLANG_WARN_UNREACHABLE_CODE = YES;
				CLANG_WARN__DUPLICATE_METHOD_MATCH = YES;
				COPY_PHASE_STRIP = NO;
				DEBUG_INFORMATION_FORMAT = dwarf;
				ENABLE_STRICT_OBJC_MSGSEND = YES;
				ENABLE_TESTABILITY = YES;
				GCC_C_LANGUAGE_STANDARD = gnu11;
				GCC_DYNAMIC_NO_PIC = NO;
				GCC_NO_COMMON_BLOCKS = YES;
				GCC_OPTIMIZATION_LEVEL = 0;
				GCC_PREPROCESSOR_DEFINITIONS = (
					"DEBUG=1",
					"$(inherited)",
				);
				GCC_WARN_64_TO_32_BIT_CONVERSION = YES;
				GCC_WARN_ABOUT_RETURN_TYPE = YES_ERROR;
				GCC_WARN_UNDECLARED_SELECTOR = YES;
				GCC_WARN_UNINITIALIZED_AUTOS = YES_AGGRESSIVE;
				GCC_WARN_UNUSED_FUNCTION = YES;
				GCC_WARN_UNUSED_VARIABLE = YES;
				IPHONEOS_DEPLOYMENT_TARGET = 14.5;
				MTL_ENABLE_DEBUG_INFO = INCLUDE_SOURCE;
				MTL_FAST_MATH = YES;
				ONLY_ACTIVE_ARCH = YES;
				SDKROOT = iphoneos;
				SWIFT_ACTIVE_COMPILATION_CONDITIONS = DEBUG;
				SWIFT_OPTIMIZATION_LEVEL = "-Onone";
			};
			name = Debug;
		};
		F252ED1E26A72B3A0039413C /* Release */ = {
			isa = XCBuildConfiguration;
			buildSettings = {
				ALWAYS_SEARCH_USER_PATHS = NO;
				CLANG_ANALYZER_NONNULL = YES;
				CLANG_ANALYZER_NUMBER_OBJECT_CONVERSION = YES_AGGRESSIVE;
				CLANG_CXX_LANGUAGE_STANDARD = "gnu++14";
				CLANG_CXX_LIBRARY = "libc++";
				CLANG_ENABLE_MODULES = YES;
				CLANG_ENABLE_OBJC_ARC = YES;
				CLANG_ENABLE_OBJC_WEAK = YES;
				CLANG_WARN_BLOCK_CAPTURE_AUTORELEASING = YES;
				CLANG_WARN_BOOL_CONVERSION = YES;
				CLANG_WARN_COMMA = YES;
				CLANG_WARN_CONSTANT_CONVERSION = YES;
				CLANG_WARN_DEPRECATED_OBJC_IMPLEMENTATIONS = YES;
				CLANG_WARN_DIRECT_OBJC_ISA_USAGE = YES_ERROR;
				CLANG_WARN_DOCUMENTATION_COMMENTS = YES;
				CLANG_WARN_EMPTY_BODY = YES;
				CLANG_WARN_ENUM_CONVERSION = YES;
				CLANG_WARN_INFINITE_RECURSION = YES;
				CLANG_WARN_INT_CONVERSION = YES;
				CLANG_WARN_NON_LITERAL_NULL_CONVERSION = YES;
				CLANG_WARN_OBJC_IMPLICIT_RETAIN_SELF = YES;
				CLANG_WARN_OBJC_LITERAL_CONVERSION = YES;
				CLANG_WARN_OBJC_ROOT_CLASS = YES_ERROR;
				CLANG_WARN_QUOTED_INCLUDE_IN_FRAMEWORK_HEADER = YES;
				CLANG_WARN_RANGE_LOOP_ANALYSIS = YES;
				CLANG_WARN_STRICT_PROTOTYPES = YES;
				CLANG_WARN_SUSPICIOUS_MOVE = YES;
				CLANG_WARN_UNGUARDED_AVAILABILITY = YES_AGGRESSIVE;
				CLANG_WARN_UNREACHABLE_CODE = YES;
				CLANG_WARN__DUPLICATE_METHOD_MATCH = YES;
				COPY_PHASE_STRIP = NO;
				DEBUG_INFORMATION_FORMAT = "dwarf-with-dsym";
				ENABLE_NS_ASSERTIONS = NO;
				ENABLE_STRICT_OBJC_MSGSEND = YES;
				GCC_C_LANGUAGE_STANDARD = gnu11;
				GCC_NO_COMMON_BLOCKS = YES;
				GCC_WARN_64_TO_32_BIT_CONVERSION = YES;
				GCC_WARN_ABOUT_RETURN_TYPE = YES_ERROR;
				GCC_WARN_UNDECLARED_SELECTOR = YES;
				GCC_WARN_UNINITIALIZED_AUTOS = YES_AGGRESSIVE;
				GCC_WARN_UNUSED_FUNCTION = YES;
				GCC_WARN_UNUSED_VARIABLE = YES;
				IPHONEOS_DEPLOYMENT_TARGET = 14.5;
				MTL_ENABLE_DEBUG_INFO = NO;
				MTL_FAST_MATH = YES;
				SDKROOT = iphoneos;
				SWIFT_COMPILATION_MODE = wholemodule;
				SWIFT_OPTIMIZATION_LEVEL = "-O";
				VALIDATE_PRODUCT = YES;
			};
			name = Release;
		};
		F252ED2026A72B3A0039413C /* Debug */ = {
			isa = XCBuildConfiguration;
			baseConfigurationReference = FDCA720817C435F8ABE53968 /* Pods-testRappi.debug.xcconfig */;
			buildSettings = {
				ASSETCATALOG_COMPILER_APPICON_NAME = AppIcon;
				ASSETCATALOG_COMPILER_GLOBAL_ACCENT_COLOR_NAME = AccentColor;
				CODE_SIGN_STYLE = Automatic;
				DEVELOPMENT_TEAM = MC2W678MVZ;
				INFOPLIST_FILE = testRappi/Info.plist;
				LD_RUNPATH_SEARCH_PATHS = (
					"$(inherited)",
					"@executable_path/Frameworks",
				);
				PRODUCT_BUNDLE_IDENTIFIER = com.nut.testRappi;
				PRODUCT_NAME = "$(TARGET_NAME)";
				SWIFT_VERSION = 5.0;
				TARGETED_DEVICE_FAMILY = "1,2";
			};
			name = Debug;
		};
		F252ED2126A72B3A0039413C /* Release */ = {
			isa = XCBuildConfiguration;
			baseConfigurationReference = E749234FE620519C527F541C /* Pods-testRappi.release.xcconfig */;
			buildSettings = {
				ASSETCATALOG_COMPILER_APPICON_NAME = AppIcon;
				ASSETCATALOG_COMPILER_GLOBAL_ACCENT_COLOR_NAME = AccentColor;
				CODE_SIGN_STYLE = Automatic;
				DEVELOPMENT_TEAM = MC2W678MVZ;
				INFOPLIST_FILE = testRappi/Info.plist;
				LD_RUNPATH_SEARCH_PATHS = (
					"$(inherited)",
					"@executable_path/Frameworks",
				);
				PRODUCT_BUNDLE_IDENTIFIER = com.nut.testRappi;
				PRODUCT_NAME = "$(TARGET_NAME)";
				SWIFT_VERSION = 5.0;
				TARGETED_DEVICE_FAMILY = "1,2";
			};
			name = Release;
		};
		F252ED2326A72B3A0039413C /* Debug */ = {
			isa = XCBuildConfiguration;
			baseConfigurationReference = 68947B1B78349EA596484A3B /* Pods-testRappiTests.debug.xcconfig */;
			buildSettings = {
				ALWAYS_EMBED_SWIFT_STANDARD_LIBRARIES = YES;
				BUNDLE_LOADER = "$(TEST_HOST)";
				CODE_SIGN_STYLE = Automatic;
				DEVELOPMENT_TEAM = MC2W678MVZ;
				INFOPLIST_FILE = testRappiTests/Info.plist;
				IPHONEOS_DEPLOYMENT_TARGET = 14.5;
				LD_RUNPATH_SEARCH_PATHS = (
					"$(inherited)",
					"@executable_path/Frameworks",
					"@loader_path/Frameworks",
				);
				PRODUCT_BUNDLE_IDENTIFIER = com.nut.testRappiTests;
				PRODUCT_NAME = "$(TARGET_NAME)";
				SWIFT_VERSION = 5.0;
				TARGETED_DEVICE_FAMILY = "1,2";
				TEST_HOST = "$(BUILT_PRODUCTS_DIR)/testRappi.app/testRappi";
			};
			name = Debug;
		};
		F252ED2426A72B3A0039413C /* Release */ = {
			isa = XCBuildConfiguration;
			baseConfigurationReference = CD2494E9F366B82395FBE992 /* Pods-testRappiTests.release.xcconfig */;
			buildSettings = {
				ALWAYS_EMBED_SWIFT_STANDARD_LIBRARIES = YES;
				BUNDLE_LOADER = "$(TEST_HOST)";
				CODE_SIGN_STYLE = Automatic;
				DEVELOPMENT_TEAM = MC2W678MVZ;
				INFOPLIST_FILE = testRappiTests/Info.plist;
				IPHONEOS_DEPLOYMENT_TARGET = 14.5;
				LD_RUNPATH_SEARCH_PATHS = (
					"$(inherited)",
					"@executable_path/Frameworks",
					"@loader_path/Frameworks",
				);
				PRODUCT_BUNDLE_IDENTIFIER = com.nut.testRappiTests;
				PRODUCT_NAME = "$(TARGET_NAME)";
				SWIFT_VERSION = 5.0;
				TARGETED_DEVICE_FAMILY = "1,2";
				TEST_HOST = "$(BUILT_PRODUCTS_DIR)/testRappi.app/testRappi";
			};
			name = Release;
		};
		F252ED2626A72B3A0039413C /* Debug */ = {
			isa = XCBuildConfiguration;
			baseConfigurationReference = 410A4B787E8942A0DD9579C5 /* Pods-testRappi-testRappiUITests.debug.xcconfig */;
			buildSettings = {
				ALWAYS_EMBED_SWIFT_STANDARD_LIBRARIES = YES;
				CODE_SIGN_STYLE = Automatic;
				DEVELOPMENT_TEAM = MC2W678MVZ;
				INFOPLIST_FILE = testRappiUITests/Info.plist;
				LD_RUNPATH_SEARCH_PATHS = (
					"$(inherited)",
					"@executable_path/Frameworks",
					"@loader_path/Frameworks",
				);
				PRODUCT_BUNDLE_IDENTIFIER = com.nut.testRappiUITests;
				PRODUCT_NAME = "$(TARGET_NAME)";
				SWIFT_VERSION = 5.0;
				TARGETED_DEVICE_FAMILY = "1,2";
				TEST_TARGET_NAME = testRappi;
			};
			name = Debug;
		};
		F252ED2726A72B3A0039413C /* Release */ = {
			isa = XCBuildConfiguration;
			baseConfigurationReference = 53C507ECB0165FD4964E875F /* Pods-testRappi-testRappiUITests.release.xcconfig */;
			buildSettings = {
				ALWAYS_EMBED_SWIFT_STANDARD_LIBRARIES = YES;
				CODE_SIGN_STYLE = Automatic;
				DEVELOPMENT_TEAM = MC2W678MVZ;
				INFOPLIST_FILE = testRappiUITests/Info.plist;
				LD_RUNPATH_SEARCH_PATHS = (
					"$(inherited)",
					"@executable_path/Frameworks",
					"@loader_path/Frameworks",
				);
				PRODUCT_BUNDLE_IDENTIFIER = com.nut.testRappiUITests;
				PRODUCT_NAME = "$(TARGET_NAME)";
				SWIFT_VERSION = 5.0;
				TARGETED_DEVICE_FAMILY = "1,2";
				TEST_TARGET_NAME = testRappi;
			};
			name = Release;
		};
/* End XCBuildConfiguration section */

/* Begin XCConfigurationList section */
		F252ECF026A72B390039413C /* Build configuration list for PBXProject "testRappi" */ = {
			isa = XCConfigurationList;
			buildConfigurations = (
				F252ED1D26A72B3A0039413C /* Debug */,
				F252ED1E26A72B3A0039413C /* Release */,
			);
			defaultConfigurationIsVisible = 0;
			defaultConfigurationName = Release;
		};
		F252ED1F26A72B3A0039413C /* Build configuration list for PBXNativeTarget "testRappi" */ = {
			isa = XCConfigurationList;
			buildConfigurations = (
				F252ED2026A72B3A0039413C /* Debug */,
				F252ED2126A72B3A0039413C /* Release */,
			);
			defaultConfigurationIsVisible = 0;
			defaultConfigurationName = Release;
		};
		F252ED2226A72B3A0039413C /* Build configuration list for PBXNativeTarget "testRappiTests" */ = {
			isa = XCConfigurationList;
			buildConfigurations = (
				F252ED2326A72B3A0039413C /* Debug */,
				F252ED2426A72B3A0039413C /* Release */,
			);
			defaultConfigurationIsVisible = 0;
			defaultConfigurationName = Release;
		};
		F252ED2526A72B3A0039413C /* Build configuration list for PBXNativeTarget "testRappiUITests" */ = {
			isa = XCConfigurationList;
			buildConfigurations = (
				F252ED2626A72B3A0039413C /* Debug */,
				F252ED2726A72B3A0039413C /* Release */,
			);
			defaultConfigurationIsVisible = 0;
			defaultConfigurationName = Release;
		};
/* End XCConfigurationList section */

/* Begin XCVersionGroup section */
		F210E34826A9E2BB00A74A1E /* Model.xcdatamodeld */ = {
			isa = XCVersionGroup;
			children = (
				F210E34926A9E2BB00A74A1E /* Model.xcdatamodel */,
			);
			currentVersion = F210E34926A9E2BB00A74A1E /* Model.xcdatamodel */;
			path = Model.xcdatamodeld;
			sourceTree = "<group>";
			versionGroupType = wrapper.xcdatamodel;
		};
/* End XCVersionGroup section */
	};
	rootObject = F252ECED26A72B390039413C /* Project object */;
}
